version = 1
revision = 3
requires-python = "==3.12.*"

[[package]]
name = "capstone"
version = "5.0.7"
source = { registry = "https://pypi.org/simple" }
sdist = { url = "https://files.pythonhosted.org/packages/dd/9c/28b11f64e2425774efb21c206a6e952cfce6e3e2ef3e4b63cdae32ccd8a5/capstone-5.0.7.tar.gz", hash = "sha256:796bdd69b05fa124fc2aa2e74b9a0b3d4c4e7f3e02add5e583cf2f3bca282ede", size = 2945245, upload-time = "2026-02-09T22:51:56.392Z" }
wheels = [
    { url = "https://files.pythonhosted.org/packages/b2/91/98fdb020106469d2354920ffb989507f8c494d847eb9135202a0b20afe8d/capstone-5.0.7-py3-none-macosx_10_9_universal2.whl", hash = "sha256:388af4ddb9224d3b4f9269673ee575b3f94f77774d48b3f1a283ad13c29a106a", size = 2192836, upload-time = "2026-02-09T22:51:42.782Z" },
    { url = "https://files.pythonhosted.org/packages/b7/6c/f02847b3385651eb00a6a27049bd12982cdd61e981b248e7f0dc8ed15756/capstone-5.0.7-py3-none-macosx_10_9_x86_64.whl", hash = "sha256:a9f64e3d75d8c4d7b3d26bba153b2992aadcf6b8d57674b4ef176b4ecdd9822f", size = 1188995, upload-time = "2026-02-09T22:51:44.653Z" },
    { url = "https://files.pythonhosted.org/packages/8f/43/29cd1dbdb2b55bf339bca36444809503b8311dcc04898726a7e35b47ac86/capstone-5.0.7-py3-none-macosx_11_0_arm64.whl", hash = "sha256:acb89f5bf6f625745a104a3a44819d3acea173228055c1eadc60d2282ae490bb", size = 1200084, upload-time = "2026-02-09T22:51:45.668Z" },
    { url = "https://files.pythonhosted.org/packages/7d/32/084419edcd9a3efaadf5c22166de625090fae833aad0672ddd9fa436d1e2/capstone-5.0.7-py3-none-manylinux_2_17_aarch64.manylinux2014_aarch64.whl", hash = "sha256:c58546c814567c95e4b9a63bdb8624c960cb8508855c7c767d5f108d7bc09ce2", size = 1458867, upload-time = "2026-02-09T22:51:46.8Z" },
    { url = "https://files.pythonhosted.org/packages/15/3e/3a4f45dd4eda6fc8051f76bf3ed50ead6040d827000371211fbaaf057625/capstone-5.0.7-py3-none-manylinux_2_17_x86_64.manylinux2014_x86_64.whl", hash = "sha256:b809a9654844ce0d35099121a851ddd2ab2689df1ff6687037babcedcaae6391", size = 1482184, upload-time = "2026-02-09T22:51:48.467Z" },
    { url = "https://files.pythonhosted.org/packages/4b/a8/6b4df60c822aaeb42954ea6c9fdbf3410feaa6bea6dc3f18f6c363fd1ed2/capstone-5.0.7-py3-none-manylinux_2_5_i686.manylinux1_i686.manylinux_2_17_i686.manylinux2014_i686.whl", hash = "sha256:80b0f1b93fc703c419fda8cf84cfa017fd8909be62a4e88024273126ab16f006", size = 1481169, upload-time = "2026-02-09T22:51:49.574Z" },
    { url = "https://files.pythonhosted.org/packages/05/24/4162bbc2591091dfa6c161b4a9ef1a6eccb739c20798e58f59f917a8a3d1/capstone-5.0.7-py3-none-musllinux_1_2_aarch64.whl", hash = "sha256:467716e6555d50cb3526b290f0dbdccb5f961839b1f1e299b484fb5d814173e6", size = 1457760, upload-time = "2026-02-09T22:51:50.863Z" },
    { url = "https://files.pythonhosted.org/packages/e1/51/e3913f53ed03a8f7311b1efacbc1052811e129baa37b4f14e79da3cbc0c6/capstone-5.0.7-py3-none-musllinux_1_2_i686.whl", hash = "sha256:e551311d4b6dc344fe5518ef6decf4c2dfafe37bba9ad027a53a406930bc5c63", size = 1484528, upload-time = "2026-02-09T22:51:52.483Z" },
    { url = "https://files.pythonhosted.org/packages/0b/98/a7d631f7bca9de02357637cfab1fb90a67992905f2041357ac5732c8a4cd/capstone-5.0.7-py3-none-musllinux_1_2_x86_64.whl", hash = "sha256:a13437b28b136c886600e88bee192d25adf56ba1db5597ff5a0bec758bb9c533", size = 1486041, upload-time = "2026-02-09T22:51:53.729Z" },
    { url = "https://files.pythonhosted.org/packages/70/39/2138d890a8e827636b9de9924fbc8527fe83e38b6d26605b30ac55e30ebe/capstone-5.0.7-py3-none-win_amd64.whl", hash = "sha256:4ab8bcb7da8f221ff45926ca168ca33e76f7237d06fbf3c10780002faa2670e1", size = 1272204, upload-time = "2026-02-09T22:51:54.829Z" },
]

[[package]]
name = "digitakt2"
version = "0.1.0"
source = { virtual = "." }
dependencies = [
    { name = "capstone" },
    { name = "pypcode" },
    { name = "unicorn" },
]

[package.metadata]
requires-dist = [
    { name = "capstone", specifier = "==5.0.7" },
    { name = "pypcode", specifier = "==4.0.0" },
    { name = "unicorn", specifier = "==2.1.4" },
]

[[package]]
name = "pypcode"
version = "4.0.0"
source = { registry = "https://pypi.org/simple" }
sdist = { url = "https://files.pythonhosted.org/packages/6f/34/c291a25fa611788f4f6e7bf48a4c2c1ca72471e61fa67835d3543f91e840/pypcode-4.0.0.tar.gz", hash = "sha256:1a83fa81769a2c1cfe8024ad627977edb99ed7ecb76dbc12722416fb7a54ec34", size = 2328402, upload-time = "2026-05-16T01:10:02.653Z" }
wheels = [
    { url = "https://files.pythonhosted.org/packages/b0/fd/84948ade4dd8b6fa6681dc73323e97308fe50d239c49cb31d534a5fbafc1/pypcode-4.0.0-cp312-cp312-macosx_10_14_x86_64.whl", hash = "sha256:3d0302f183a9d4b577d664047ddda39d768c12265a4356ad0a9336e599b5d480", size = 14545711, upload-time = "2026-05-16T01:09:19.593Z" },
    { url = "https://files.pythonhosted.org/packages/08/b6/a1b33f81da22caaf5a77c7809b31b5f814666b396d305f1104d9a1084e32/pypcode-4.0.0-cp312-cp312-macosx_11_0_arm64.whl", hash = "sha256:bb27fe22e5a4f8f9f931faba87100023bf52423a57bf6eb798074261db71f430", size = 14513608, upload-time = "2026-05-16T01:09:23.149Z" },
    { url = "https://files.pythonhosted.org/packages/8f/02/69835bd082500144276c406a72fcf548bf44fa25e90a37e353579f8ae069/pypcode-4.0.0-cp312-cp312-manylinux_2_26_aarch64.manylinux_2_28_aarch64.whl", hash = "sha256:45918419338244f5d3877cedb2f26443c40f65f7c27e8ca079ca2f5005335b50", size = 14601239, upload-time = "2026-05-16T01:09:25.714Z" },
    { url = "https://files.pythonhosted.org/packages/2a/88/bb0e611dad34e60a12fe84efe1d5ea87cb301f68dcbd45a131a591b11b54/pypcode-4.0.0-cp312-cp312-manylinux_2_27_x86_64.manylinux_2_28_x86_64.whl", hash = "sha256:e473230895117f683629f8dd64c630d68d4246b5bfce19e3b49b22d6f44ba266", size = 14636300, upload-time = "2026-05-16T01:09:28.187Z" },
    { url = "https://files.pythonhosted.org/packages/cb/8c/5408a87bf7d07c7415bcb42e10ccad241e4c4fdfb8b6a892457d86211858/pypcode-4.0.0-cp312-cp312-win_amd64.whl", hash = "sha256:c0afad61c2f47a72e865e4280c6df8ac4e12631d04cf0686f7d2988e88e0d20e", size = 14378712, upload-time = "2026-05-16T01:09:30.944Z" },
]

[[package]]
name = "unicorn"
version = "2.1.4"
source = { registry = "https://pypi.org/simple" }
sdist = { url = "https://files.pythonhosted.org/packages/b2/1b/b4248aa8422e86de690cf8e85cf8feae4c33405a097d1ebe71570bdaa6f5/unicorn-2.1.4.tar.gz", hash = "sha256:00567a70e323f749b419cd86bee4f9115beab7ebba32194581c090cbb7c59cff", size = 2900334, upload-time = "2025-09-09T17:10:48.026Z" }
wheels = [
    { url = "https://files.pythonhosted.org/packages/c8/a7/92b47771e2107a201632a199cec91e8a81ee8a071ca6b7e7d600d8c61ac9/unicorn-2.1.4-cp37-abi3-macosx_10_9_x86_64.whl", hash = "sha256:2a6f738fab5fabffa56af1e7bbf16ea1e91466c342f8dc64f125bd70f36c6b80", size = 12958220, upload-time = "2025-09-09T17:10:04.86Z" },
    { url = "https://files.pythonhosted.org/packages/6c/ae/4943c6f8524d729ec7d5e69df6407ea05d710fe77471d91cecf3fc64eb57/unicorn-2.1.4-cp37-abi3-macosx_11_0_arm64.whl", hash = "sha256:d6c93e0f60328d8f4a1792af3f834137a28050fcc2305f2ec01efe8558a9844e", size = 12142730, upload-time = "2025-09-09T17:10:07.48Z" },
    { url = "https://files.pythonhosted.org/packages/33/9f/32d41eb942221bcf4417cdc65537fc8b3bbbd6079d6c161e621f1dd4e94a/unicorn-2.1.4-cp37-abi3-manylinux_2_17_aarch64.manylinux2014_aarch64.whl", hash = "sha256:bd1fb0c9af5f57e356d8a96928b4fe045b2e18f308ef23b481d5f970008aa722", size = 15372569, upload-time = "2025-09-09T17:10:09.765Z" },
    { url = "https://files.pythonhosted.org/packages/5f/7f/83161916dedff22ddb187bd2751150a1bc53c88b7c1a8d6fa1cc9e144c64/unicorn-2.1.4-cp37-abi3-manylinux_2_17_i686.manylinux2014_i686.whl", hash = "sha256:8f4e63b76ac4faa7cd32a4c436e96eabc24b91d52e73bde7699ec886bddf9277", size = 19842875, upload-time = "2025-09-09T17:10:11.795Z" },
    { url = "https://files.pythonhosted.org/packages/e7/df/ded5e3684c2d7600b30cc8a7530277b8cb36644a1a9d34cade7ebb45604c/unicorn-2.1.4-cp37-abi3-manylinux_2_17_x86_64.manylinux2014_x86_64.whl", hash = "sha256:9d6e6dea140560de4ebd8446661f7ef84a357d428c14a3ef09dacd306ec8c239", size = 16436886, upload-time = "2025-09-09T17:10:14.079Z" },
    { url = "https://files.pythonhosted.org/packages/70/38/ba5a051c844026e59ab6e0017db8cec77dbe20ab5f1d6edae1ce9d885b06/unicorn-2.1.4-cp37-abi3-musllinux_1_2_aarch64.whl", hash = "sha256:01d744ba01c5cc68f1d7afe3d183f1868720fd440ec4eaedc4d1d5d9bf54b84c", size = 16089431, upload-time = "2025-09-09T17:10:16.557Z" },
    { url = "https://files.pythonhosted.org/packages/35/07/0b2fb9d2a462066aa24b7d18b463300df79cc4eaa471379f8af7d216261c/unicorn-2.1.4-cp37-abi3-musllinux_1_2_i686.whl", hash = "sha256:ce5c3bfd05f2a5749a0d8a960e1dfc26519a2d09377dc01cfa1378b936a953f8", size = 20531342, upload-time = "2025-09-09T17:10:19.008Z" },
    { url = "https://files.pythonhosted.org/packages/ed/4b/4628ccb20eb3ad1af400de8181d1f4e5c1a3fc2affa1b3410c1b2d71af36/unicorn-2.1.4-cp37-abi3-musllinux_1_2_x86_64.whl", hash = "sha256:d348a90ee90219d141cb115ef8ed7e3fd1af42afaee105f7580761d775b25e32", size = 16925029, upload-time = "2025-09-09T17:10:21.089Z" },
    { url = "https://files.pythonhosted.org/packages/08/23/6ae96f8efa8ede707cc67d18d76a08de498bd818483cf8211baf855eabb2/unicorn-2.1.4-cp37-abi3-win32.whl", hash = "sha256:9be89e69be5e2631299f39a7fb8e47b8d3bfaa70ae746e9c4c5f9476a2df9778", size = 11798091, upload-time = "2025-09-09T17:10:23.477Z" },
    { url = "https://files.pythonhosted.org/packages/70/3d/de7be9bd1addabe6d8a1369381f8a080400c349850e978689c5e18287957/unicorn-2.1.4-cp37-abi3-win_amd64.whl", hash = "sha256:d7107500c64ce5c168fbff6bef9485b5db1350050036f4cea568650cf8bdbdf5", size = 15943079, upload-time = "2025-09-09T17:10:25.265Z" },
]
