# This file is automatically @generated by Cargo.
# It is not intended for manual editing.
version = 4

[[package]]
name = "sharc-decode"
version = "0.0.1"

[[package]]
name = "sharc-gen"
version = "0.0.1"
dependencies = [
 "sharc-rt",
]

[[package]]
name = "sharc-jit-rt"
version = "0.0.1"
dependencies = [
 "sharc-decode",
 "sharc-native",
]

[[package]]
name = "sharc-native"
version = "0.0.1"
dependencies = [
 "sharc-gen",
 "sharc-rt",
]

[[package]]
name = "sharc-rt"
version = "0.0.1"
